
Microsoft Visual Studio Solution File, Format Version 12.00
# Visual Studio Version 16
VisualStudioVersion = 16.0.30225.117
MinimumVisualStudioVersion = 10.0.40219.1
Project("{FAE04EC0-301F-11D3-BF4B-00C04F79EFBC}") = "HelloApp", "HelloApp\HelloApp.csproj", "{321ADD80-773B-432A-BBAA-0B527D4693C8}"
EndProject
Project("{FAE04EC0-301F-11D3-BF4B-00C04F79EFBC}") = "IntegralTypes", "IntegralTypes\IntegralTypes.csproj", "{7F2884D5-FFFD-436A-81AA-4D414C3681E5}"
EndProject
Project("{FAE04EC0-301F-11D3-BF4B-00C04F79EFBC}") = "BoxingUnboxing", "BoxingUnboxing\BoxingUnboxing.csproj", "{2655991D-7C24-41E4-AB3C-EFC65FB02E1C}"
EndProject
Project("{FAE04EC0-301F-11D3-BF4B-00C04F79EFBC}") = "IntegerConversion", "IntegerConversion\IntegerConversion.csproj", "{D6FF2989-FC85-45B5-8331-977C897F3313}"
EndProject
Project("{2150E333-8FDC-42A3-9474-1A3956D46DE8}") = "Chap03", "Chap03", "{3F09CB8E-E73F-40C3-AAD2-CD696F9236BD}"
EndProject
Project("{2150E333-8FDC-42A3-9474-1A3956D46DE8}") = "Chap02", "Chap02", "{6AD4CDF7-A3B6-44DB-ACC5-A9088BB94C21}"
EndProject
Project("{FAE04EC0-301F-11D3-BF4B-00C04F79EFBC}") = "StringNumberConversion", "StringNumberConversion\StringNumberConversion.csproj", "{09C30326-45BE-4ECC-87B4-656F33714465}"
EndProject
Global
	GlobalSection(SolutionConfigurationPlatforms) = preSolution
		Debug|Any CPU = Debug|Any CPU
		Release|Any CPU = Release|Any CPU
	EndGlobalSection
	GlobalSection(ProjectConfigurationPlatforms) = postSolution
		{321ADD80-773B-432A-BBAA-0B527D4693C8}.Debug|Any CPU.ActiveCfg = Debug|Any CPU
		{321ADD80-773B-432A-BBAA-0B527D4693C8}.Debug|Any CPU.Build.0 = Debug|Any CPU
		{321ADD80-773B-432A-BBAA-0B527D4693C8}.Release|Any CPU.ActiveCfg = Release|Any CPU
		{321ADD80-773B-432A-BBAA-0B527D4693C8}.Release|Any CPU.Build.0 = Release|Any CPU
		{7F2884D5-FFFD-436A-81AA-4D414C3681E5}.Debug|Any CPU.ActiveCfg = Debug|Any CPU
		{7F2884D5-FFFD-436A-81AA-4D414C3681E5}.Debug|Any CPU.Build.0 = Debug|Any CPU
		{7F2884D5-FFFD-436A-81AA-4D414C3681E5}.Release|Any CPU.ActiveCfg = Release|Any CPU
		{7F2884D5-FFFD-436A-81AA-4D414C3681E5}.Release|Any CPU.Build.0 = Release|Any CPU
		{2655991D-7C24-41E4-AB3C-EFC65FB02E1C}.Debug|Any CPU.ActiveCfg = Debug|Any CPU
		{2655991D-7C24-41E4-AB3C-EFC65FB02E1C}.Debug|Any CPU.Build.0 = Debug|Any CPU
		{2655991D-7C24-41E4-AB3C-EFC65FB02E1C}.Release|Any CPU.ActiveCfg = Release|Any CPU
		{2655991D-7C24-41E4-AB3C-EFC65FB02E1C}.Release|Any CPU.Build.0 = Release|Any CPU
		{D6FF2989-FC85-45B5-8331-977C897F3313}.Debug|Any CPU.ActiveCfg = Debug|Any CPU
		{D6FF2989-FC85-45B5-8331-977C897F3313}.Debug|Any CPU.Build.0 = Debug|Any CPU
		{D6FF2989-FC85-45B5-8331-977C897F3313}.Release|Any CPU.ActiveCfg = Release|Any CPU
		{D6FF2989-FC85-45B5-8331-977C897F3313}.Release|Any CPU.Build.0 = Release|Any CPU
		{09C30326-45BE-4ECC-87B4-656F33714465}.Debug|Any CPU.ActiveCfg = Debug|Any CPU
		{09C30326-45BE-4ECC-87B4-656F33714465}.Debug|Any CPU.Build.0 = Debug|Any CPU
		{09C30326-45BE-4ECC-87B4-656F33714465}.Release|Any CPU.ActiveCfg = Release|Any CPU
		{09C30326-45BE-4ECC-87B4-656F33714465}.Release|Any CPU.Build.0 = Release|Any CPU
	EndGlobalSection
	GlobalSection(SolutionProperties) = preSolution
		HideSolutionNode = FALSE
	EndGlobalSection
	GlobalSection(NestedProjects) = preSolution
		{321ADD80-773B-432A-BBAA-0B527D4693C8} = {6AD4CDF7-A3B6-44DB-ACC5-A9088BB94C21}
		{7F2884D5-FFFD-436A-81AA-4D414C3681E5} = {3F09CB8E-E73F-40C3-AAD2-CD696F9236BD}
		{2655991D-7C24-41E4-AB3C-EFC65FB02E1C} = {3F09CB8E-E73F-40C3-AAD2-CD696F9236BD}
		{D6FF2989-FC85-45B5-8331-977C897F3313} = {3F09CB8E-E73F-40C3-AAD2-CD696F9236BD}
		{09C30326-45BE-4ECC-87B4-656F33714465} = {3F09CB8E-E73F-40C3-AAD2-CD696F9236BD}
	EndGlobalSection
	GlobalSection(ExtensibilityGlobals) = postSolution
		SolutionGuid = {A111A6BC-DBF7-4C98-A4F5-709D3B76E685}
	EndGlobalSection
EndGlobal
