
Microsoft Visual Studio Solution File, Format Version 12.00
# Visual Studio Version 16
VisualStudioVersion = 16.0.30225.117
MinimumVisualStudioVersion = 10.0.40219.1
Project("{FAE04EC0-301F-11D3-BF4B-00C04F79EFBC}") = "HelloApp", "HelloApp\HelloApp.csproj", "{321ADD80-773B-432A-BBAA-0B527D4693C8}"
EndProject
Project("{FAE04EC0-301F-11D3-BF4B-00C04F79EFBC}") = "IntegralTypes", "IntegralTypes\IntegralTypes.csproj", "{7F2884D5-FFFD-436A-81AA-4D414C3681E5}"
EndProject
Project("{FAE04EC0-301F-11D3-BF4B-00C04F79EFBC}") = "BoxingUnboxing", "BoxingUnboxing\BoxingUnboxing.csproj", "{2655991D-7C24-41E4-AB3C-EFC65FB02E1C}"
EndProject
Project("{FAE04EC0-301F-11D3-BF4B-00C04F79EFBC}") = "IntegerConversion", "IntegerConversion\IntegerConversion.csproj", "{D6FF2989-FC85-45B5-8331-977C897F3313}"
EndProject
Project("{2150E333-8FDC-42A3-9474-1A3956D46DE8}") = "Chap03", "Chap03", "{3F09CB8E-E73F-40C3-AAD2-CD696F9236BD}"
EndProject
Project("{2150E333-8FDC-42A3-9474-1A3956D46DE8}") = "Chap02", "Chap02", "{6AD4CDF7-A3B6-44DB-ACC5-A9088BB94C21}"
EndProject
Project("{9A19103F-16F7-4668-BE54-9A1E7A4F7556}") = "StringNumberConversion", "StringNumberConversion\StringNumberConversion.csproj", "{09C30326-45BE-4ECC-87B4-656F33714465}"
EndProject
Project("{FAE04EC0-301F-11D3-BF4B-00C04F79EFBC}") = "0706_EnumApp", "0706_EnumApp\0706_EnumApp.csproj", "{6FD6D1B0-7BFF-4621-BED6-8853127A4230}"
EndProject
Project("{FAE04EC0-301F-11D3-BF4B-00C04F79EFBC}") = "0706_NullableApp", "0706_NullableApp\0706_NullableApp.csproj", "{F19F89D1-3A9F-40E2-8B56-E00C152DAD13}"
EndProject
Project("{2150E333-8FDC-42A3-9474-1A3956D46DE8}") = "AppendixA", "AppendixA", "{E7694D21-54C3-494D-9591-E148BD6C4DD4}"
EndProject
Project("{FAE04EC0-301F-11D3-BF4B-00C04F79EFBC}") = "0706_StringSearchApp", "0706_StringSearchApp\0706_StringSearchApp.csproj", "{B3919923-97C2-4EA7-9F39-E42F190A1228}"
EndProject
Project("{2150E333-8FDC-42A3-9474-1A3956D46DE8}") = "Chap04", "Chap04", "{49D952C4-739D-4050-8FA5-5F49E16BCB92}"
EndProject
Project("{2150E333-8FDC-42A3-9474-1A3956D46DE8}") = "Chap05", "Chap05", "{9A57D276-663E-43E1-AF78-C80AA909ECD5}"
EndProject
Project("{FAE04EC0-301F-11D3-BF4B-00C04F79EFBC}") = "0706_IfElseApp", "0706_IfElseApp\0706_IfElseApp.csproj", "{18B86278-9224-416E-9DBF-F8B38B34137D}"
EndProject
Project("{FAE04EC0-301F-11D3-BF4B-00C04F79EFBC}") = "0706_SwitchCaseApp", "0706_SwitchCaseApp\0706_SwitchCaseApp.csproj", "{89B1A339-D5B9-4397-92DE-9081493CBCC7}"
EndProject
Project("{FAE04EC0-301F-11D3-BF4B-00C04F79EFBC}") = "0706_WhileApp", "0706_WhileApp\0706_WhileApp.csproj", "{C2441551-C991-4180-A032-43DAE0681CFF}"
EndProject
Project("{2150E333-8FDC-42A3-9474-1A3956D46DE8}") = "Chap06", "Chap06", "{7D869450-01EB-44C2-97C5-3F30E503EF85}"
EndProject
Project("{FAE04EC0-301F-11D3-BF4B-00C04F79EFBC}") = "0706_SwapByValue", "0706_SwapByValue\0706_SwapByValue.csproj", "{03B36AB8-D67A-4A98-B337-5B17846336BA}"
EndProject
Project("{FAE04EC0-301F-11D3-BF4B-00C04F79EFBC}") = "0706_RefReturn", "0706_RefReturn\0706_RefReturn.csproj", "{438BB97A-43A7-418D-A021-EEA108795A4A}"
EndProject
Project("{FAE04EC0-301F-11D3-BF4B-00C04F79EFBC}") = "0706_UsingOut", "0706_UsingOut\0706_UsingOut.csproj", "{CB50395D-BD5E-4172-9CB3-D8673A3CDB60}"
EndProject
Project("{FAE04EC0-301F-11D3-BF4B-00C04F79EFBC}") = "0706_OverLoading", "0706_OverLoading\0706_OverLoading.csproj", "{45351721-7803-426E-9249-73054F90C9BB}"
EndProject
Project("{FAE04EC0-301F-11D3-BF4B-00C04F79EFBC}") = "0706_LocalFunction", "0706_LocalFunction\0706_LocalFunction.csproj", "{9C145495-527B-429B-80A8-544D7DCF34F7}"
EndProject
Project("{FAE04EC0-301F-11D3-BF4B-00C04F79EFBC}") = "0706_practice1", "0706_practice1\0706_practice1.csproj", "{ADAB7938-5AAC-4866-AFBC-0C194FA560EB}"
EndProject
Project("{FAE04EC0-301F-11D3-BF4B-00C04F79EFBC}") = "0706_practice2", "0706_practice2\0706_practice2.csproj", "{19D8E2D1-6829-488B-AFBB-ADEB00407793}"
EndProject
Project("{FAE04EC0-301F-11D3-BF4B-00C04F79EFBC}") = "0706_practice3", "0706_practice3\0706_practice3.csproj", "{88F9CD2E-B414-4602-80ED-3641B79331BF}"
EndProject
Project("{2150E333-8FDC-42A3-9474-1A3956D46DE8}") = "Chap07", "Chap07", "{A7EC3725-43D9-45DD-8089-73CC915385BC}"
EndProject
Global
	GlobalSection(SolutionConfigurationPlatforms) = preSolution
		Debug|Any CPU = Debug|Any CPU
		Release|Any CPU = Release|Any CPU
	EndGlobalSection
	GlobalSection(ProjectConfigurationPlatforms) = postSolution
		{321ADD80-773B-432A-BBAA-0B527D4693C8}.Debug|Any CPU.ActiveCfg = Debug|Any CPU
		{321ADD80-773B-432A-BBAA-0B527D4693C8}.Debug|Any CPU.Build.0 = Debug|Any CPU
		{321ADD80-773B-432A-BBAA-0B527D4693C8}.Release|Any CPU.ActiveCfg = Release|Any CPU
		{321ADD80-773B-432A-BBAA-0B527D4693C8}.Release|Any CPU.Build.0 = Release|Any CPU
		{7F2884D5-FFFD-436A-81AA-4D414C3681E5}.Debug|Any CPU.ActiveCfg = Debug|Any CPU
		{7F2884D5-FFFD-436A-81AA-4D414C3681E5}.Debug|Any CPU.Build.0 = Debug|Any CPU
		{7F2884D5-FFFD-436A-81AA-4D414C3681E5}.Release|Any CPU.ActiveCfg = Release|Any CPU
		{7F2884D5-FFFD-436A-81AA-4D414C3681E5}.Release|Any CPU.Build.0 = Release|Any CPU
		{2655991D-7C24-41E4-AB3C-EFC65FB02E1C}.Debug|Any CPU.ActiveCfg = Debug|Any CPU
		{2655991D-7C24-41E4-AB3C-EFC65FB02E1C}.Debug|Any CPU.Build.0 = Debug|Any CPU
		{2655991D-7C24-41E4-AB3C-EFC65FB02E1C}.Release|Any CPU.ActiveCfg = Release|Any CPU
		{2655991D-7C24-41E4-AB3C-EFC65FB02E1C}.Release|Any CPU.Build.0 = Release|Any CPU
		{D6FF2989-FC85-45B5-8331-977C897F3313}.Debug|Any CPU.ActiveCfg = Debug|Any CPU
		{D6FF2989-FC85-45B5-8331-977C897F3313}.Debug|Any CPU.Build.0 = Debug|Any CPU
		{D6FF2989-FC85-45B5-8331-977C897F3313}.Release|Any CPU.ActiveCfg = Release|Any CPU
		{D6FF2989-FC85-45B5-8331-977C897F3313}.Release|Any CPU.Build.0 = Release|Any CPU
		{09C30326-45BE-4ECC-87B4-656F33714465}.Debug|Any CPU.ActiveCfg = Debug|Any CPU
		{09C30326-45BE-4ECC-87B4-656F33714465}.Debug|Any CPU.Build.0 = Debug|Any CPU
		{09C30326-45BE-4ECC-87B4-656F33714465}.Release|Any CPU.ActiveCfg = Release|Any CPU
		{09C30326-45BE-4ECC-87B4-656F33714465}.Release|Any CPU.Build.0 = Release|Any CPU
		{6FD6D1B0-7BFF-4621-BED6-8853127A4230}.Debug|Any CPU.ActiveCfg = Debug|Any CPU
		{6FD6D1B0-7BFF-4621-BED6-8853127A4230}.Debug|Any CPU.Build.0 = Debug|Any CPU
		{6FD6D1B0-7BFF-4621-BED6-8853127A4230}.Release|Any CPU.ActiveCfg = Release|Any CPU
		{6FD6D1B0-7BFF-4621-BED6-8853127A4230}.Release|Any CPU.Build.0 = Release|Any CPU
		{F19F89D1-3A9F-40E2-8B56-E00C152DAD13}.Debug|Any CPU.ActiveCfg = Debug|Any CPU
		{F19F89D1-3A9F-40E2-8B56-E00C152DAD13}.Debug|Any CPU.Build.0 = Debug|Any CPU
		{F19F89D1-3A9F-40E2-8B56-E00C152DAD13}.Release|Any CPU.ActiveCfg = Release|Any CPU
		{F19F89D1-3A9F-40E2-8B56-E00C152DAD13}.Release|Any CPU.Build.0 = Release|Any CPU
		{B3919923-97C2-4EA7-9F39-E42F190A1228}.Debug|Any CPU.ActiveCfg = Debug|Any CPU
		{B3919923-97C2-4EA7-9F39-E42F190A1228}.Debug|Any CPU.Build.0 = Debug|Any CPU
		{B3919923-97C2-4EA7-9F39-E42F190A1228}.Release|Any CPU.ActiveCfg = Release|Any CPU
		{B3919923-97C2-4EA7-9F39-E42F190A1228}.Release|Any CPU.Build.0 = Release|Any CPU
		{18B86278-9224-416E-9DBF-F8B38B34137D}.Debug|Any CPU.ActiveCfg = Debug|Any CPU
		{18B86278-9224-416E-9DBF-F8B38B34137D}.Debug|Any CPU.Build.0 = Debug|Any CPU
		{18B86278-9224-416E-9DBF-F8B38B34137D}.Release|Any CPU.ActiveCfg = Release|Any CPU
		{18B86278-9224-416E-9DBF-F8B38B34137D}.Release|Any CPU.Build.0 = Release|Any CPU
		{89B1A339-D5B9-4397-92DE-9081493CBCC7}.Debug|Any CPU.ActiveCfg = Debug|Any CPU
		{89B1A339-D5B9-4397-92DE-9081493CBCC7}.Debug|Any CPU.Build.0 = Debug|Any CPU
		{89B1A339-D5B9-4397-92DE-9081493CBCC7}.Release|Any CPU.ActiveCfg = Release|Any CPU
		{89B1A339-D5B9-4397-92DE-9081493CBCC7}.Release|Any CPU.Build.0 = Release|Any CPU
		{C2441551-C991-4180-A032-43DAE0681CFF}.Debug|Any CPU.ActiveCfg = Debug|Any CPU
		{C2441551-C991-4180-A032-43DAE0681CFF}.Debug|Any CPU.Build.0 = Debug|Any CPU
		{C2441551-C991-4180-A032-43DAE0681CFF}.Release|Any CPU.ActiveCfg = Release|Any CPU
		{C2441551-C991-4180-A032-43DAE0681CFF}.Release|Any CPU.Build.0 = Release|Any CPU
		{03B36AB8-D67A-4A98-B337-5B17846336BA}.Debug|Any CPU.ActiveCfg = Debug|Any CPU
		{03B36AB8-D67A-4A98-B337-5B17846336BA}.Debug|Any CPU.Build.0 = Debug|Any CPU
		{03B36AB8-D67A-4A98-B337-5B17846336BA}.Release|Any CPU.ActiveCfg = Release|Any CPU
		{03B36AB8-D67A-4A98-B337-5B17846336BA}.Release|Any CPU.Build.0 = Release|Any CPU
		{438BB97A-43A7-418D-A021-EEA108795A4A}.Debug|Any CPU.ActiveCfg = Debug|Any CPU
		{438BB97A-43A7-418D-A021-EEA108795A4A}.Debug|Any CPU.Build.0 = Debug|Any CPU
		{438BB97A-43A7-418D-A021-EEA108795A4A}.Release|Any CPU.ActiveCfg = Release|Any CPU
		{438BB97A-43A7-418D-A021-EEA108795A4A}.Release|Any CPU.Build.0 = Release|Any CPU
		{CB50395D-BD5E-4172-9CB3-D8673A3CDB60}.Debug|Any CPU.ActiveCfg = Debug|Any CPU
		{CB50395D-BD5E-4172-9CB3-D8673A3CDB60}.Debug|Any CPU.Build.0 = Debug|Any CPU
		{CB50395D-BD5E-4172-9CB3-D8673A3CDB60}.Release|Any CPU.ActiveCfg = Release|Any CPU
		{CB50395D-BD5E-4172-9CB3-D8673A3CDB60}.Release|Any CPU.Build.0 = Release|Any CPU
		{45351721-7803-426E-9249-73054F90C9BB}.Debug|Any CPU.ActiveCfg = Debug|Any CPU
		{45351721-7803-426E-9249-73054F90C9BB}.Debug|Any CPU.Build.0 = Debug|Any CPU
		{45351721-7803-426E-9249-73054F90C9BB}.Release|Any CPU.ActiveCfg = Release|Any CPU
		{45351721-7803-426E-9249-73054F90C9BB}.Release|Any CPU.Build.0 = Release|Any CPU
		{9C145495-527B-429B-80A8-544D7DCF34F7}.Debug|Any CPU.ActiveCfg = Debug|Any CPU
		{9C145495-527B-429B-80A8-544D7DCF34F7}.Debug|Any CPU.Build.0 = Debug|Any CPU
		{9C145495-527B-429B-80A8-544D7DCF34F7}.Release|Any CPU.ActiveCfg = Release|Any CPU
		{9C145495-527B-429B-80A8-544D7DCF34F7}.Release|Any CPU.Build.0 = Release|Any CPU
		{ADAB7938-5AAC-4866-AFBC-0C194FA560EB}.Debug|Any CPU.ActiveCfg = Debug|Any CPU
		{ADAB7938-5AAC-4866-AFBC-0C194FA560EB}.Debug|Any CPU.Build.0 = Debug|Any CPU
		{ADAB7938-5AAC-4866-AFBC-0C194FA560EB}.Release|Any CPU.ActiveCfg = Release|Any CPU
		{ADAB7938-5AAC-4866-AFBC-0C194FA560EB}.Release|Any CPU.Build.0 = Release|Any CPU
		{19D8E2D1-6829-488B-AFBB-ADEB00407793}.Debug|Any CPU.ActiveCfg = Debug|Any CPU
		{19D8E2D1-6829-488B-AFBB-ADEB00407793}.Debug|Any CPU.Build.0 = Debug|Any CPU
		{19D8E2D1-6829-488B-AFBB-ADEB00407793}.Release|Any CPU.ActiveCfg = Release|Any CPU
		{19D8E2D1-6829-488B-AFBB-ADEB00407793}.Release|Any CPU.Build.0 = Release|Any CPU
		{88F9CD2E-B414-4602-80ED-3641B79331BF}.Debug|Any CPU.ActiveCfg = Debug|Any CPU
		{88F9CD2E-B414-4602-80ED-3641B79331BF}.Debug|Any CPU.Build.0 = Debug|Any CPU
		{88F9CD2E-B414-4602-80ED-3641B79331BF}.Release|Any CPU.ActiveCfg = Release|Any CPU
		{88F9CD2E-B414-4602-80ED-3641B79331BF}.Release|Any CPU.Build.0 = Release|Any CPU
	EndGlobalSection
	GlobalSection(SolutionProperties) = preSolution
		HideSolutionNode = FALSE
	EndGlobalSection
	GlobalSection(NestedProjects) = preSolution
		{321ADD80-773B-432A-BBAA-0B527D4693C8} = {6AD4CDF7-A3B6-44DB-ACC5-A9088BB94C21}
		{7F2884D5-FFFD-436A-81AA-4D414C3681E5} = {3F09CB8E-E73F-40C3-AAD2-CD696F9236BD}
		{2655991D-7C24-41E4-AB3C-EFC65FB02E1C} = {3F09CB8E-E73F-40C3-AAD2-CD696F9236BD}
		{D6FF2989-FC85-45B5-8331-977C897F3313} = {3F09CB8E-E73F-40C3-AAD2-CD696F9236BD}
		{09C30326-45BE-4ECC-87B4-656F33714465} = {3F09CB8E-E73F-40C3-AAD2-CD696F9236BD}
		{6FD6D1B0-7BFF-4621-BED6-8853127A4230} = {3F09CB8E-E73F-40C3-AAD2-CD696F9236BD}
		{F19F89D1-3A9F-40E2-8B56-E00C152DAD13} = {3F09CB8E-E73F-40C3-AAD2-CD696F9236BD}
		{B3919923-97C2-4EA7-9F39-E42F190A1228} = {E7694D21-54C3-494D-9591-E148BD6C4DD4}
		{18B86278-9224-416E-9DBF-F8B38B34137D} = {9A57D276-663E-43E1-AF78-C80AA909ECD5}
		{89B1A339-D5B9-4397-92DE-9081493CBCC7} = {9A57D276-663E-43E1-AF78-C80AA909ECD5}
		{C2441551-C991-4180-A032-43DAE0681CFF} = {9A57D276-663E-43E1-AF78-C80AA909ECD5}
		{03B36AB8-D67A-4A98-B337-5B17846336BA} = {7D869450-01EB-44C2-97C5-3F30E503EF85}
		{438BB97A-43A7-418D-A021-EEA108795A4A} = {7D869450-01EB-44C2-97C5-3F30E503EF85}
		{CB50395D-BD5E-4172-9CB3-D8673A3CDB60} = {7D869450-01EB-44C2-97C5-3F30E503EF85}
		{45351721-7803-426E-9249-73054F90C9BB} = {7D869450-01EB-44C2-97C5-3F30E503EF85}
		{9C145495-527B-429B-80A8-544D7DCF34F7} = {7D869450-01EB-44C2-97C5-3F30E503EF85}
		{ADAB7938-5AAC-4866-AFBC-0C194FA560EB} = {7D869450-01EB-44C2-97C5-3F30E503EF85}
		{19D8E2D1-6829-488B-AFBB-ADEB00407793} = {7D869450-01EB-44C2-97C5-3F30E503EF85}
		{88F9CD2E-B414-4602-80ED-3641B79331BF} = {7D869450-01EB-44C2-97C5-3F30E503EF85}
	EndGlobalSection
	GlobalSection(ExtensibilityGlobals) = postSolution
		SolutionGuid = {A111A6BC-DBF7-4C98-A4F5-709D3B76E685}
	EndGlobalSection
EndGlobal
