
Microsoft Visual Studio Solution File, Format Version 12.00
# Visual Studio Version 16
VisualStudioVersion = 16.0.30225.117
MinimumVisualStudioVersion = 10.0.40219.1
Project("{FAE04EC0-301F-11D3-BF4B-00C04F79EFBC}") = "HelloApp", "HelloApp\HelloApp.csproj", "{321ADD80-773B-432A-BBAA-0B527D4693C8}"
EndProject
Project("{FAE04EC0-301F-11D3-BF4B-00C04F79EFBC}") = "IntegralTypes", "IntegralTypes\IntegralTypes.csproj", "{7F2884D5-FFFD-436A-81AA-4D414C3681E5}"
EndProject
Project("{FAE04EC0-301F-11D3-BF4B-00C04F79EFBC}") = "BoxingUnboxing", "BoxingUnboxing\BoxingUnboxing.csproj", "{2655991D-7C24-41E4-AB3C-EFC65FB02E1C}"
EndProject
Project("{FAE04EC0-301F-11D3-BF4B-00C04F79EFBC}") = "IntegerConversion", "IntegerConversion\IntegerConversion.csproj", "{D6FF2989-FC85-45B5-8331-977C897F3313}"
EndProject
Project("{2150E333-8FDC-42A3-9474-1A3956D46DE8}") = "Chap03", "Chap03", "{3F09CB8E-E73F-40C3-AAD2-CD696F9236BD}"
EndProject
Project("{2150E333-8FDC-42A3-9474-1A3956D46DE8}") = "Chap02", "Chap02", "{6AD4CDF7-A3B6-44DB-ACC5-A9088BB94C21}"
EndProject
Project("{9A19103F-16F7-4668-BE54-9A1E7A4F7556}") = "StringNumberConversion", "StringNumberConversion\StringNumberConversion.csproj", "{09C30326-45BE-4ECC-87B4-656F33714465}"
EndProject
Project("{FAE04EC0-301F-11D3-BF4B-00C04F79EFBC}") = "0706_EnumApp", "0706_EnumApp\0706_EnumApp.csproj", "{6FD6D1B0-7BFF-4621-BED6-8853127A4230}"
EndProject
Project("{FAE04EC0-301F-11D3-BF4B-00C04F79EFBC}") = "0706_NullableApp", "0706_NullableApp\0706_NullableApp.csproj", "{F19F89D1-3A9F-40E2-8B56-E00C152DAD13}"
EndProject
Project("{2150E333-8FDC-42A3-9474-1A3956D46DE8}") = "AppendixA", "AppendixA", "{E7694D21-54C3-494D-9591-E148BD6C4DD4}"
EndProject
Project("{FAE04EC0-301F-11D3-BF4B-00C04F79EFBC}") = "0706_StringSearchApp", "0706_StringSearchApp\0706_StringSearchApp.csproj", "{B3919923-97C2-4EA7-9F39-E42F190A1228}"
EndProject
Project("{2150E333-8FDC-42A3-9474-1A3956D46DE8}") = "Chap04", "Chap04", "{49D952C4-739D-4050-8FA5-5F49E16BCB92}"
EndProject
Project("{2150E333-8FDC-42A3-9474-1A3956D46DE8}") = "Chap05", "Chap05", "{9A57D276-663E-43E1-AF78-C80AA909ECD5}"
EndProject
Project("{FAE04EC0-301F-11D3-BF4B-00C04F79EFBC}") = "0706_IfElseApp", "0706_IfElseApp\0706_IfElseApp.csproj", "{18B86278-9224-416E-9DBF-F8B38B34137D}"
EndProject
Project("{FAE04EC0-301F-11D3-BF4B-00C04F79EFBC}") = "0706_SwitchCaseApp", "0706_SwitchCaseApp\0706_SwitchCaseApp.csproj", "{89B1A339-D5B9-4397-92DE-9081493CBCC7}"
EndProject
Project("{FAE04EC0-301F-11D3-BF4B-00C04F79EFBC}") = "0706_WhileApp", "0706_WhileApp\0706_WhileApp.csproj", "{C2441551-C991-4180-A032-43DAE0681CFF}"
EndProject
Project("{2150E333-8FDC-42A3-9474-1A3956D46DE8}") = "Chap06", "Chap06", "{7D869450-01EB-44C2-97C5-3F30E503EF85}"
EndProject
Project("{FAE04EC0-301F-11D3-BF4B-00C04F79EFBC}") = "0706_SwapByValue", "0706_SwapByValue\0706_SwapByValue.csproj", "{03B36AB8-D67A-4A98-B337-5B17846336BA}"
EndProject
Project("{FAE04EC0-301F-11D3-BF4B-00C04F79EFBC}") = "0706_RefReturn", "0706_RefReturn\0706_RefReturn.csproj", "{438BB97A-43A7-418D-A021-EEA108795A4A}"
EndProject
Project("{FAE04EC0-301F-11D3-BF4B-00C04F79EFBC}") = "0706_UsingOut", "0706_UsingOut\0706_UsingOut.csproj", "{CB50395D-BD5E-4172-9CB3-D8673A3CDB60}"
EndProject
Project("{FAE04EC0-301F-11D3-BF4B-00C04F79EFBC}") = "0706_OverLoading", "0706_OverLoading\0706_OverLoading.csproj", "{45351721-7803-426E-9249-73054F90C9BB}"
EndProject
Project("{FAE04EC0-301F-11D3-BF4B-00C04F79EFBC}") = "0706_LocalFunction", "0706_LocalFunction\0706_LocalFunction.csproj", "{9C145495-527B-429B-80A8-544D7DCF34F7}"
EndProject
Project("{FAE04EC0-301F-11D3-BF4B-00C04F79EFBC}") = "0706_practice1", "0706_practice1\0706_practice1.csproj", "{ADAB7938-5AAC-4866-AFBC-0C194FA560EB}"
EndProject
Project("{FAE04EC0-301F-11D3-BF4B-00C04F79EFBC}") = "0706_practice2", "0706_practice2\0706_practice2.csproj", "{19D8E2D1-6829-488B-AFBB-ADEB00407793}"
EndProject
Project("{FAE04EC0-301F-11D3-BF4B-00C04F79EFBC}") = "0706_practice3", "0706_practice3\0706_practice3.csproj", "{88F9CD2E-B414-4602-80ED-3641B79331BF}"
EndProject
Project("{2150E333-8FDC-42A3-9474-1A3956D46DE8}") = "Chap07", "Chap07", "{A7EC3725-43D9-45DD-8089-73CC915385BC}"
EndProject
Project("{FAE04EC0-301F-11D3-BF4B-00C04F79EFBC}") = "0707_BasicClass", "0707_BasicClass\0707_BasicClass.csproj", "{51EFFD38-B0DE-4C38-B0FD-2D8F60992A4D}"
EndProject
Project("{FAE04EC0-301F-11D3-BF4B-00C04F79EFBC}") = "0707_StaticField", "0707_StaticField\0707_StaticField.csproj", "{ED13FC8E-F7A8-441C-BAAD-3A1D315CE25A}"
EndProject
Project("{FAE04EC0-301F-11D3-BF4B-00C04F79EFBC}") = "0707_DeepCopy", "0707_DeepCopy\0707_DeepCopy.csproj", "{715A7E5A-3B3B-4167-9E1A-9BF2AEA9E5AB}"
EndProject
Project("{FAE04EC0-301F-11D3-BF4B-00C04F79EFBC}") = "0707_AccessModifier", "0707_AccessModifier\0707_AccessModifier.csproj", "{03E05C6A-4DDE-4E11-95A9-AB47AD8D8ADC}"
EndProject
Project("{FAE04EC0-301F-11D3-BF4B-00C04F79EFBC}") = "0707_Inheritance", "0707_Inheritance\0707_Inheritance.csproj", "{DB953D4F-10BB-4C5F-B6D0-D5B4F25E7B1B}"
EndProject
Project("{FAE04EC0-301F-11D3-BF4B-00C04F79EFBC}") = "0707_ClassTypeCasting", "0707_ClassTypeCasting\0707_ClassTypeCasting.csproj", "{DB520987-E3FE-4018-862B-95AE603A4B06}"
EndProject
Project("{FAE04EC0-301F-11D3-BF4B-00C04F79EFBC}") = "0707_Overriding", "0707_Overriding\0707_Overriding.csproj", "{64529E04-B25C-47E9-BBFD-DBDBB4E8D598}"
EndProject
Project("{FAE04EC0-301F-11D3-BF4B-00C04F79EFBC}") = "0707_NestedClass", "0707_NestedClass\0707_NestedClass.csproj", "{0383108D-AA11-4A14-8C69-05C0586998DF}"
EndProject
Project("{FAE04EC0-301F-11D3-BF4B-00C04F79EFBC}") = "0707_ExtensionMethod", "0707_ExtensionMethod\0707_ExtensionMethod.csproj", "{111974DD-B64E-4FDB-9F22-EBB75A24421E}"
EndProject
Project("{FAE04EC0-301F-11D3-BF4B-00C04F79EFBC}") = "0707_Structure", "0707_Structure\0707_Structure.csproj", "{2D3AF9EF-9690-4F62-91B1-5322194BE019}"
EndProject
Project("{FAE04EC0-301F-11D3-BF4B-00C04F79EFBC}") = "0707_Tuple", "0707_Tuple\0707_Tuple.csproj", "{86ABC442-0CE5-4ED2-A69A-D977920AD737}"
EndProject
Project("{2150E333-8FDC-42A3-9474-1A3956D46DE8}") = "Chap08", "Chap08", "{1F13A6B0-F439-4B2F-B9DB-E82408BB60C8}"
EndProject
Project("{FAE04EC0-301F-11D3-BF4B-00C04F79EFBC}") = "0707_Interface", "0707_Interface\0707_Interface.csproj", "{4F7CC380-02B2-43EE-9CC2-B086BDE55924}"
EndProject
Project("{FAE04EC0-301F-11D3-BF4B-00C04F79EFBC}") = "0708_MultiInterfaceInheritance", "0708_MultiInterfaceInheritance\0708_MultiInterfaceInheritance.csproj", "{7BB216F8-444E-4495-A4CC-79C847F76EFB}"
EndProject
Project("{FAE04EC0-301F-11D3-BF4B-00C04F79EFBC}") = "0708_AbstractClass", "0708_AbstractClass\0708_AbstractClass.csproj", "{3047C553-F915-443F-AEFF-95DED8A99426}"
EndProject
Project("{2150E333-8FDC-42A3-9474-1A3956D46DE8}") = "Chap09", "Chap09", "{6B39833D-2947-47EE-A374-1BD7DA90C270}"
EndProject
Project("{FAE04EC0-301F-11D3-BF4B-00C04F79EFBC}") = "0708_Property", "0708_Property\0708_Property.csproj", "{92D8A1FB-DE8E-423D-81A8-0E6D02677153}"
EndProject
Project("{FAE04EC0-301F-11D3-BF4B-00C04F79EFBC}") = "0708_PropertiesInInterface", "0708_PropertiesInInterface\0708_PropertiesInInterface.csproj", "{F6EB1C64-C2D0-4CDC-9653-842690F6EDC4}"
EndProject
Project("{2150E333-8FDC-42A3-9474-1A3956D46DE8}") = "Chap10", "Chap10", "{AAD2B0C3-4322-4E93-BD58-F2F6949527B2}"
EndProject
Project("{FAE04EC0-301F-11D3-BF4B-00C04F79EFBC}") = "0708_ArraySample", "0708_ArraySample\0708_ArraySample.csproj", "{27B88F28-1755-478C-9664-7B9621683D62}"
EndProject
Project("{FAE04EC0-301F-11D3-BF4B-00C04F79EFBC}") = "0708_InitializingArray", "0708_InitializingArray\0708_InitializingArray.csproj", "{F3E4D24C-7202-4F6E-B7D5-3FD0909C6121}"
EndProject
Project("{FAE04EC0-301F-11D3-BF4B-00C04F79EFBC}") = "0708_DerivedFromArray", "0708_DerivedFromArray\0708_DerivedFromArray.csproj", "{B529FD60-184B-4393-8BC3-7DAD7C9C74FB}"
EndProject
Project("{FAE04EC0-301F-11D3-BF4B-00C04F79EFBC}") = "0708_UsingArrayList", "0708_UsingArrayList\0708_UsingArrayList.csproj", "{DCB74BD9-03BD-43A4-8A53-FC5BF2945E3E}"
EndProject
Project("{FAE04EC0-301F-11D3-BF4B-00C04F79EFBC}") = "0708_UsingHashTable", "0708_UsingHashTable\0708_UsingHashTable.csproj", "{46EE2414-FDF7-4F5E-A95B-D5669C1F5281}"
EndProject
Project("{FAE04EC0-301F-11D3-BF4B-00C04F79EFBC}") = "0708_Indexer", "0708_Indexer\0708_Indexer.csproj", "{1F28902B-7A47-44BE-994F-037AD3C7B960}"
EndProject
Project("{FAE04EC0-301F-11D3-BF4B-00C04F79EFBC}") = "0708_Yield", "0708_Yield\0708_Yield.csproj", "{5DEB8A74-122D-4F8A-AF1E-87DE44D6F531}"
EndProject
Project("{FAE04EC0-301F-11D3-BF4B-00C04F79EFBC}") = "0708_UsingEnumerable", "0708_UsingEnumerable\0708_UsingEnumerable.csproj", "{17688BA2-7EE7-4160-A493-EBFF3500B377}"
EndProject
Project("{2150E333-8FDC-42A3-9474-1A3956D46DE8}") = "Chap11", "Chap11", "{612564EE-7C50-4AB5-BB16-B46FF7F67267}"
EndProject
Project("{FAE04EC0-301F-11D3-BF4B-00C04F79EFBC}") = "0708_CopyingArray", "0708_CopyingArray\0708_CopyingArray.csproj", "{5DB6A3A7-385B-45D7-B0D1-F55DC514175C}"
EndProject
Project("{FAE04EC0-301F-11D3-BF4B-00C04F79EFBC}") = "0708_Generic", "0708_Generic\0708_Generic.csproj", "{4EEBE8F9-92FE-46E4-8530-3A366AB76130}"
EndProject
Global
	GlobalSection(SolutionConfigurationPlatforms) = preSolution
		Debug|Any CPU = Debug|Any CPU
		Release|Any CPU = Release|Any CPU
	EndGlobalSection
	GlobalSection(ProjectConfigurationPlatforms) = postSolution
		{321ADD80-773B-432A-BBAA-0B527D4693C8}.Debug|Any CPU.ActiveCfg = Debug|Any CPU
		{321ADD80-773B-432A-BBAA-0B527D4693C8}.Debug|Any CPU.Build.0 = Debug|Any CPU
		{321ADD80-773B-432A-BBAA-0B527D4693C8}.Release|Any CPU.ActiveCfg = Release|Any CPU
		{321ADD80-773B-432A-BBAA-0B527D4693C8}.Release|Any CPU.Build.0 = Release|Any CPU
		{7F2884D5-FFFD-436A-81AA-4D414C3681E5}.Debug|Any CPU.ActiveCfg = Debug|Any CPU
		{7F2884D5-FFFD-436A-81AA-4D414C3681E5}.Debug|Any CPU.Build.0 = Debug|Any CPU
		{7F2884D5-FFFD-436A-81AA-4D414C3681E5}.Release|Any CPU.ActiveCfg = Release|Any CPU
		{7F2884D5-FFFD-436A-81AA-4D414C3681E5}.Release|Any CPU.Build.0 = Release|Any CPU
		{2655991D-7C24-41E4-AB3C-EFC65FB02E1C}.Debug|Any CPU.ActiveCfg = Debug|Any CPU
		{2655991D-7C24-41E4-AB3C-EFC65FB02E1C}.Debug|Any CPU.Build.0 = Debug|Any CPU
		{2655991D-7C24-41E4-AB3C-EFC65FB02E1C}.Release|Any CPU.ActiveCfg = Release|Any CPU
		{2655991D-7C24-41E4-AB3C-EFC65FB02E1C}.Release|Any CPU.Build.0 = Release|Any CPU
		{D6FF2989-FC85-45B5-8331-977C897F3313}.Debug|Any CPU.ActiveCfg = Debug|Any CPU
		{D6FF2989-FC85-45B5-8331-977C897F3313}.Debug|Any CPU.Build.0 = Debug|Any CPU
		{D6FF2989-FC85-45B5-8331-977C897F3313}.Release|Any CPU.ActiveCfg = Release|Any CPU
		{D6FF2989-FC85-45B5-8331-977C897F3313}.Release|Any CPU.Build.0 = Release|Any CPU
		{09C30326-45BE-4ECC-87B4-656F33714465}.Debug|Any CPU.ActiveCfg = Debug|Any CPU
		{09C30326-45BE-4ECC-87B4-656F33714465}.Debug|Any CPU.Build.0 = Debug|Any CPU
		{09C30326-45BE-4ECC-87B4-656F33714465}.Release|Any CPU.ActiveCfg = Release|Any CPU
		{09C30326-45BE-4ECC-87B4-656F33714465}.Release|Any CPU.Build.0 = Release|Any CPU
		{6FD6D1B0-7BFF-4621-BED6-8853127A4230}.Debug|Any CPU.ActiveCfg = Debug|Any CPU
		{6FD6D1B0-7BFF-4621-BED6-8853127A4230}.Debug|Any CPU.Build.0 = Debug|Any CPU
		{6FD6D1B0-7BFF-4621-BED6-8853127A4230}.Release|Any CPU.ActiveCfg = Release|Any CPU
		{6FD6D1B0-7BFF-4621-BED6-8853127A4230}.Release|Any CPU.Build.0 = Release|Any CPU
		{F19F89D1-3A9F-40E2-8B56-E00C152DAD13}.Debug|Any CPU.ActiveCfg = Debug|Any CPU
		{F19F89D1-3A9F-40E2-8B56-E00C152DAD13}.Debug|Any CPU.Build.0 = Debug|Any CPU
		{F19F89D1-3A9F-40E2-8B56-E00C152DAD13}.Release|Any CPU.ActiveCfg = Release|Any CPU
		{F19F89D1-3A9F-40E2-8B56-E00C152DAD13}.Release|Any CPU.Build.0 = Release|Any CPU
		{B3919923-97C2-4EA7-9F39-E42F190A1228}.Debug|Any CPU.ActiveCfg = Debug|Any CPU
		{B3919923-97C2-4EA7-9F39-E42F190A1228}.Debug|Any CPU.Build.0 = Debug|Any CPU
		{B3919923-97C2-4EA7-9F39-E42F190A1228}.Release|Any CPU.ActiveCfg = Release|Any CPU
		{B3919923-97C2-4EA7-9F39-E42F190A1228}.Release|Any CPU.Build.0 = Release|Any CPU
		{18B86278-9224-416E-9DBF-F8B38B34137D}.Debug|Any CPU.ActiveCfg = Debug|Any CPU
		{18B86278-9224-416E-9DBF-F8B38B34137D}.Debug|Any CPU.Build.0 = Debug|Any CPU
		{18B86278-9224-416E-9DBF-F8B38B34137D}.Release|Any CPU.ActiveCfg = Release|Any CPU
		{18B86278-9224-416E-9DBF-F8B38B34137D}.Release|Any CPU.Build.0 = Release|Any CPU
		{89B1A339-D5B9-4397-92DE-9081493CBCC7}.Debug|Any CPU.ActiveCfg = Debug|Any CPU
		{89B1A339-D5B9-4397-92DE-9081493CBCC7}.Debug|Any CPU.Build.0 = Debug|Any CPU
		{89B1A339-D5B9-4397-92DE-9081493CBCC7}.Release|Any CPU.ActiveCfg = Release|Any CPU
		{89B1A339-D5B9-4397-92DE-9081493CBCC7}.Release|Any CPU.Build.0 = Release|Any CPU
		{C2441551-C991-4180-A032-43DAE0681CFF}.Debug|Any CPU.ActiveCfg = Debug|Any CPU
		{C2441551-C991-4180-A032-43DAE0681CFF}.Debug|Any CPU.Build.0 = Debug|Any CPU
		{C2441551-C991-4180-A032-43DAE0681CFF}.Release|Any CPU.ActiveCfg = Release|Any CPU
		{C2441551-C991-4180-A032-43DAE0681CFF}.Release|Any CPU.Build.0 = Release|Any CPU
		{03B36AB8-D67A-4A98-B337-5B17846336BA}.Debug|Any CPU.ActiveCfg = Debug|Any CPU
		{03B36AB8-D67A-4A98-B337-5B17846336BA}.Debug|Any CPU.Build.0 = Debug|Any CPU
		{03B36AB8-D67A-4A98-B337-5B17846336BA}.Release|Any CPU.ActiveCfg = Release|Any CPU
		{03B36AB8-D67A-4A98-B337-5B17846336BA}.Release|Any CPU.Build.0 = Release|Any CPU
		{438BB97A-43A7-418D-A021-EEA108795A4A}.Debug|Any CPU.ActiveCfg = Debug|Any CPU
		{438BB97A-43A7-418D-A021-EEA108795A4A}.Debug|Any CPU.Build.0 = Debug|Any CPU
		{438BB97A-43A7-418D-A021-EEA108795A4A}.Release|Any CPU.ActiveCfg = Release|Any CPU
		{438BB97A-43A7-418D-A021-EEA108795A4A}.Release|Any CPU.Build.0 = Release|Any CPU
		{CB50395D-BD5E-4172-9CB3-D8673A3CDB60}.Debug|Any CPU.ActiveCfg = Debug|Any CPU
		{CB50395D-BD5E-4172-9CB3-D8673A3CDB60}.Debug|Any CPU.Build.0 = Debug|Any CPU
		{CB50395D-BD5E-4172-9CB3-D8673A3CDB60}.Release|Any CPU.ActiveCfg = Release|Any CPU
		{CB50395D-BD5E-4172-9CB3-D8673A3CDB60}.Release|Any CPU.Build.0 = Release|Any CPU
		{45351721-7803-426E-9249-73054F90C9BB}.Debug|Any CPU.ActiveCfg = Debug|Any CPU
		{45351721-7803-426E-9249-73054F90C9BB}.Debug|Any CPU.Build.0 = Debug|Any CPU
		{45351721-7803-426E-9249-73054F90C9BB}.Release|Any CPU.ActiveCfg = Release|Any CPU
		{45351721-7803-426E-9249-73054F90C9BB}.Release|Any CPU.Build.0 = Release|Any CPU
		{9C145495-527B-429B-80A8-544D7DCF34F7}.Debug|Any CPU.ActiveCfg = Debug|Any CPU
		{9C145495-527B-429B-80A8-544D7DCF34F7}.Debug|Any CPU.Build.0 = Debug|Any CPU
		{9C145495-527B-429B-80A8-544D7DCF34F7}.Release|Any CPU.ActiveCfg = Release|Any CPU
		{9C145495-527B-429B-80A8-544D7DCF34F7}.Release|Any CPU.Build.0 = Release|Any CPU
		{ADAB7938-5AAC-4866-AFBC-0C194FA560EB}.Debug|Any CPU.ActiveCfg = Debug|Any CPU
		{ADAB7938-5AAC-4866-AFBC-0C194FA560EB}.Debug|Any CPU.Build.0 = Debug|Any CPU
		{ADAB7938-5AAC-4866-AFBC-0C194FA560EB}.Release|Any CPU.ActiveCfg = Release|Any CPU
		{ADAB7938-5AAC-4866-AFBC-0C194FA560EB}.Release|Any CPU.Build.0 = Release|Any CPU
		{19D8E2D1-6829-488B-AFBB-ADEB00407793}.Debug|Any CPU.ActiveCfg = Debug|Any CPU
		{19D8E2D1-6829-488B-AFBB-ADEB00407793}.Debug|Any CPU.Build.0 = Debug|Any CPU
		{19D8E2D1-6829-488B-AFBB-ADEB00407793}.Release|Any CPU.ActiveCfg = Release|Any CPU
		{19D8E2D1-6829-488B-AFBB-ADEB00407793}.Release|Any CPU.Build.0 = Release|Any CPU
		{88F9CD2E-B414-4602-80ED-3641B79331BF}.Debug|Any CPU.ActiveCfg = Debug|Any CPU
		{88F9CD2E-B414-4602-80ED-3641B79331BF}.Debug|Any CPU.Build.0 = Debug|Any CPU
		{88F9CD2E-B414-4602-80ED-3641B79331BF}.Release|Any CPU.ActiveCfg = Release|Any CPU
		{88F9CD2E-B414-4602-80ED-3641B79331BF}.Release|Any CPU.Build.0 = Release|Any CPU
		{51EFFD38-B0DE-4C38-B0FD-2D8F60992A4D}.Debug|Any CPU.ActiveCfg = Debug|Any CPU
		{51EFFD38-B0DE-4C38-B0FD-2D8F60992A4D}.Debug|Any CPU.Build.0 = Debug|Any CPU
		{51EFFD38-B0DE-4C38-B0FD-2D8F60992A4D}.Release|Any CPU.ActiveCfg = Release|Any CPU
		{51EFFD38-B0DE-4C38-B0FD-2D8F60992A4D}.Release|Any CPU.Build.0 = Release|Any CPU
		{ED13FC8E-F7A8-441C-BAAD-3A1D315CE25A}.Debug|Any CPU.ActiveCfg = Debug|Any CPU
		{ED13FC8E-F7A8-441C-BAAD-3A1D315CE25A}.Debug|Any CPU.Build.0 = Debug|Any CPU
		{ED13FC8E-F7A8-441C-BAAD-3A1D315CE25A}.Release|Any CPU.ActiveCfg = Release|Any CPU
		{ED13FC8E-F7A8-441C-BAAD-3A1D315CE25A}.Release|Any CPU.Build.0 = Release|Any CPU
		{715A7E5A-3B3B-4167-9E1A-9BF2AEA9E5AB}.Debug|Any CPU.ActiveCfg = Debug|Any CPU
		{715A7E5A-3B3B-4167-9E1A-9BF2AEA9E5AB}.Debug|Any CPU.Build.0 = Debug|Any CPU
		{715A7E5A-3B3B-4167-9E1A-9BF2AEA9E5AB}.Release|Any CPU.ActiveCfg = Release|Any CPU
		{715A7E5A-3B3B-4167-9E1A-9BF2AEA9E5AB}.Release|Any CPU.Build.0 = Release|Any CPU
		{03E05C6A-4DDE-4E11-95A9-AB47AD8D8ADC}.Debug|Any CPU.ActiveCfg = Debug|Any CPU
		{03E05C6A-4DDE-4E11-95A9-AB47AD8D8ADC}.Debug|Any CPU.Build.0 = Debug|Any CPU
		{03E05C6A-4DDE-4E11-95A9-AB47AD8D8ADC}.Release|Any CPU.ActiveCfg = Release|Any CPU
		{03E05C6A-4DDE-4E11-95A9-AB47AD8D8ADC}.Release|Any CPU.Build.0 = Release|Any CPU
		{DB953D4F-10BB-4C5F-B6D0-D5B4F25E7B1B}.Debug|Any CPU.ActiveCfg = Debug|Any CPU
		{DB953D4F-10BB-4C5F-B6D0-D5B4F25E7B1B}.Debug|Any CPU.Build.0 = Debug|Any CPU
		{DB953D4F-10BB-4C5F-B6D0-D5B4F25E7B1B}.Release|Any CPU.ActiveCfg = Release|Any CPU
		{DB953D4F-10BB-4C5F-B6D0-D5B4F25E7B1B}.Release|Any CPU.Build.0 = Release|Any CPU
		{DB520987-E3FE-4018-862B-95AE603A4B06}.Debug|Any CPU.ActiveCfg = Debug|Any CPU
		{DB520987-E3FE-4018-862B-95AE603A4B06}.Debug|Any CPU.Build.0 = Debug|Any CPU
		{DB520987-E3FE-4018-862B-95AE603A4B06}.Release|Any CPU.ActiveCfg = Release|Any CPU
		{DB520987-E3FE-4018-862B-95AE603A4B06}.Release|Any CPU.Build.0 = Release|Any CPU
		{64529E04-B25C-47E9-BBFD-DBDBB4E8D598}.Debug|Any CPU.ActiveCfg = Debug|Any CPU
		{64529E04-B25C-47E9-BBFD-DBDBB4E8D598}.Debug|Any CPU.Build.0 = Debug|Any CPU
		{64529E04-B25C-47E9-BBFD-DBDBB4E8D598}.Release|Any CPU.ActiveCfg = Release|Any CPU
		{64529E04-B25C-47E9-BBFD-DBDBB4E8D598}.Release|Any CPU.Build.0 = Release|Any CPU
		{0383108D-AA11-4A14-8C69-05C0586998DF}.Debug|Any CPU.ActiveCfg = Debug|Any CPU
		{0383108D-AA11-4A14-8C69-05C0586998DF}.Debug|Any CPU.Build.0 = Debug|Any CPU
		{0383108D-AA11-4A14-8C69-05C0586998DF}.Release|Any CPU.ActiveCfg = Release|Any CPU
		{0383108D-AA11-4A14-8C69-05C0586998DF}.Release|Any CPU.Build.0 = Release|Any CPU
		{111974DD-B64E-4FDB-9F22-EBB75A24421E}.Debug|Any CPU.ActiveCfg = Debug|Any CPU
		{111974DD-B64E-4FDB-9F22-EBB75A24421E}.Debug|Any CPU.Build.0 = Debug|Any CPU
		{111974DD-B64E-4FDB-9F22-EBB75A24421E}.Release|Any CPU.ActiveCfg = Release|Any CPU
		{111974DD-B64E-4FDB-9F22-EBB75A24421E}.Release|Any CPU.Build.0 = Release|Any CPU
		{2D3AF9EF-9690-4F62-91B1-5322194BE019}.Debug|Any CPU.ActiveCfg = Debug|Any CPU
		{2D3AF9EF-9690-4F62-91B1-5322194BE019}.Debug|Any CPU.Build.0 = Debug|Any CPU
		{2D3AF9EF-9690-4F62-91B1-5322194BE019}.Release|Any CPU.ActiveCfg = Release|Any CPU
		{2D3AF9EF-9690-4F62-91B1-5322194BE019}.Release|Any CPU.Build.0 = Release|Any CPU
		{86ABC442-0CE5-4ED2-A69A-D977920AD737}.Debug|Any CPU.ActiveCfg = Debug|Any CPU
		{86ABC442-0CE5-4ED2-A69A-D977920AD737}.Debug|Any CPU.Build.0 = Debug|Any CPU
		{86ABC442-0CE5-4ED2-A69A-D977920AD737}.Release|Any CPU.ActiveCfg = Release|Any CPU
		{86ABC442-0CE5-4ED2-A69A-D977920AD737}.Release|Any CPU.Build.0 = Release|Any CPU
		{4F7CC380-02B2-43EE-9CC2-B086BDE55924}.Debug|Any CPU.ActiveCfg = Debug|Any CPU
		{4F7CC380-02B2-43EE-9CC2-B086BDE55924}.Debug|Any CPU.Build.0 = Debug|Any CPU
		{4F7CC380-02B2-43EE-9CC2-B086BDE55924}.Release|Any CPU.ActiveCfg = Release|Any CPU
		{4F7CC380-02B2-43EE-9CC2-B086BDE55924}.Release|Any CPU.Build.0 = Release|Any CPU
		{7BB216F8-444E-4495-A4CC-79C847F76EFB}.Debug|Any CPU.ActiveCfg = Debug|Any CPU
		{7BB216F8-444E-4495-A4CC-79C847F76EFB}.Debug|Any CPU.Build.0 = Debug|Any CPU
		{7BB216F8-444E-4495-A4CC-79C847F76EFB}.Release|Any CPU.ActiveCfg = Release|Any CPU
		{7BB216F8-444E-4495-A4CC-79C847F76EFB}.Release|Any CPU.Build.0 = Release|Any CPU
		{3047C553-F915-443F-AEFF-95DED8A99426}.Debug|Any CPU.ActiveCfg = Debug|Any CPU
		{3047C553-F915-443F-AEFF-95DED8A99426}.Debug|Any CPU.Build.0 = Debug|Any CPU
		{3047C553-F915-443F-AEFF-95DED8A99426}.Release|Any CPU.ActiveCfg = Release|Any CPU
		{3047C553-F915-443F-AEFF-95DED8A99426}.Release|Any CPU.Build.0 = Release|Any CPU
		{92D8A1FB-DE8E-423D-81A8-0E6D02677153}.Debug|Any CPU.ActiveCfg = Debug|Any CPU
		{92D8A1FB-DE8E-423D-81A8-0E6D02677153}.Debug|Any CPU.Build.0 = Debug|Any CPU
		{92D8A1FB-DE8E-423D-81A8-0E6D02677153}.Release|Any CPU.ActiveCfg = Release|Any CPU
		{92D8A1FB-DE8E-423D-81A8-0E6D02677153}.Release|Any CPU.Build.0 = Release|Any CPU
		{F6EB1C64-C2D0-4CDC-9653-842690F6EDC4}.Debug|Any CPU.ActiveCfg = Debug|Any CPU
		{F6EB1C64-C2D0-4CDC-9653-842690F6EDC4}.Debug|Any CPU.Build.0 = Debug|Any CPU
		{F6EB1C64-C2D0-4CDC-9653-842690F6EDC4}.Release|Any CPU.ActiveCfg = Release|Any CPU
		{F6EB1C64-C2D0-4CDC-9653-842690F6EDC4}.Release|Any CPU.Build.0 = Release|Any CPU
		{27B88F28-1755-478C-9664-7B9621683D62}.Debug|Any CPU.ActiveCfg = Debug|Any CPU
		{27B88F28-1755-478C-9664-7B9621683D62}.Debug|Any CPU.Build.0 = Debug|Any CPU
		{27B88F28-1755-478C-9664-7B9621683D62}.Release|Any CPU.ActiveCfg = Release|Any CPU
		{27B88F28-1755-478C-9664-7B9621683D62}.Release|Any CPU.Build.0 = Release|Any CPU
		{F3E4D24C-7202-4F6E-B7D5-3FD0909C6121}.Debug|Any CPU.ActiveCfg = Debug|Any CPU
		{F3E4D24C-7202-4F6E-B7D5-3FD0909C6121}.Debug|Any CPU.Build.0 = Debug|Any CPU
		{F3E4D24C-7202-4F6E-B7D5-3FD0909C6121}.Release|Any CPU.ActiveCfg = Release|Any CPU
		{F3E4D24C-7202-4F6E-B7D5-3FD0909C6121}.Release|Any CPU.Build.0 = Release|Any CPU
		{B529FD60-184B-4393-8BC3-7DAD7C9C74FB}.Debug|Any CPU.ActiveCfg = Debug|Any CPU
		{B529FD60-184B-4393-8BC3-7DAD7C9C74FB}.Debug|Any CPU.Build.0 = Debug|Any CPU
		{B529FD60-184B-4393-8BC3-7DAD7C9C74FB}.Release|Any CPU.ActiveCfg = Release|Any CPU
		{B529FD60-184B-4393-8BC3-7DAD7C9C74FB}.Release|Any CPU.Build.0 = Release|Any CPU
		{DCB74BD9-03BD-43A4-8A53-FC5BF2945E3E}.Debug|Any CPU.ActiveCfg = Debug|Any CPU
		{DCB74BD9-03BD-43A4-8A53-FC5BF2945E3E}.Debug|Any CPU.Build.0 = Debug|Any CPU
		{DCB74BD9-03BD-43A4-8A53-FC5BF2945E3E}.Release|Any CPU.ActiveCfg = Release|Any CPU
		{DCB74BD9-03BD-43A4-8A53-FC5BF2945E3E}.Release|Any CPU.Build.0 = Release|Any CPU
		{46EE2414-FDF7-4F5E-A95B-D5669C1F5281}.Debug|Any CPU.ActiveCfg = Debug|Any CPU
		{46EE2414-FDF7-4F5E-A95B-D5669C1F5281}.Debug|Any CPU.Build.0 = Debug|Any CPU
		{46EE2414-FDF7-4F5E-A95B-D5669C1F5281}.Release|Any CPU.ActiveCfg = Release|Any CPU
		{46EE2414-FDF7-4F5E-A95B-D5669C1F5281}.Release|Any CPU.Build.0 = Release|Any CPU
		{1F28902B-7A47-44BE-994F-037AD3C7B960}.Debug|Any CPU.ActiveCfg = Debug|Any CPU
		{1F28902B-7A47-44BE-994F-037AD3C7B960}.Debug|Any CPU.Build.0 = Debug|Any CPU
		{1F28902B-7A47-44BE-994F-037AD3C7B960}.Release|Any CPU.ActiveCfg = Release|Any CPU
		{1F28902B-7A47-44BE-994F-037AD3C7B960}.Release|Any CPU.Build.0 = Release|Any CPU
		{5DEB8A74-122D-4F8A-AF1E-87DE44D6F531}.Debug|Any CPU.ActiveCfg = Debug|Any CPU
		{5DEB8A74-122D-4F8A-AF1E-87DE44D6F531}.Debug|Any CPU.Build.0 = Debug|Any CPU
		{5DEB8A74-122D-4F8A-AF1E-87DE44D6F531}.Release|Any CPU.ActiveCfg = Release|Any CPU
		{5DEB8A74-122D-4F8A-AF1E-87DE44D6F531}.Release|Any CPU.Build.0 = Release|Any CPU
		{17688BA2-7EE7-4160-A493-EBFF3500B377}.Debug|Any CPU.ActiveCfg = Debug|Any CPU
		{17688BA2-7EE7-4160-A493-EBFF3500B377}.Debug|Any CPU.Build.0 = Debug|Any CPU
		{17688BA2-7EE7-4160-A493-EBFF3500B377}.Release|Any CPU.ActiveCfg = Release|Any CPU
		{17688BA2-7EE7-4160-A493-EBFF3500B377}.Release|Any CPU.Build.0 = Release|Any CPU
		{5DB6A3A7-385B-45D7-B0D1-F55DC514175C}.Debug|Any CPU.ActiveCfg = Debug|Any CPU
		{5DB6A3A7-385B-45D7-B0D1-F55DC514175C}.Debug|Any CPU.Build.0 = Debug|Any CPU
		{5DB6A3A7-385B-45D7-B0D1-F55DC514175C}.Release|Any CPU.ActiveCfg = Release|Any CPU
		{5DB6A3A7-385B-45D7-B0D1-F55DC514175C}.Release|Any CPU.Build.0 = Release|Any CPU
		{4EEBE8F9-92FE-46E4-8530-3A366AB76130}.Debug|Any CPU.ActiveCfg = Debug|Any CPU
		{4EEBE8F9-92FE-46E4-8530-3A366AB76130}.Debug|Any CPU.Build.0 = Debug|Any CPU
		{4EEBE8F9-92FE-46E4-8530-3A366AB76130}.Release|Any CPU.ActiveCfg = Release|Any CPU
		{4EEBE8F9-92FE-46E4-8530-3A366AB76130}.Release|Any CPU.Build.0 = Release|Any CPU
	EndGlobalSection
	GlobalSection(SolutionProperties) = preSolution
		HideSolutionNode = FALSE
	EndGlobalSection
	GlobalSection(NestedProjects) = preSolution
		{321ADD80-773B-432A-BBAA-0B527D4693C8} = {6AD4CDF7-A3B6-44DB-ACC5-A9088BB94C21}
		{7F2884D5-FFFD-436A-81AA-4D414C3681E5} = {3F09CB8E-E73F-40C3-AAD2-CD696F9236BD}
		{2655991D-7C24-41E4-AB3C-EFC65FB02E1C} = {3F09CB8E-E73F-40C3-AAD2-CD696F9236BD}
		{D6FF2989-FC85-45B5-8331-977C897F3313} = {3F09CB8E-E73F-40C3-AAD2-CD696F9236BD}
		{09C30326-45BE-4ECC-87B4-656F33714465} = {3F09CB8E-E73F-40C3-AAD2-CD696F9236BD}
		{6FD6D1B0-7BFF-4621-BED6-8853127A4230} = {3F09CB8E-E73F-40C3-AAD2-CD696F9236BD}
		{F19F89D1-3A9F-40E2-8B56-E00C152DAD13} = {3F09CB8E-E73F-40C3-AAD2-CD696F9236BD}
		{B3919923-97C2-4EA7-9F39-E42F190A1228} = {E7694D21-54C3-494D-9591-E148BD6C4DD4}
		{18B86278-9224-416E-9DBF-F8B38B34137D} = {9A57D276-663E-43E1-AF78-C80AA909ECD5}
		{89B1A339-D5B9-4397-92DE-9081493CBCC7} = {9A57D276-663E-43E1-AF78-C80AA909ECD5}
		{C2441551-C991-4180-A032-43DAE0681CFF} = {9A57D276-663E-43E1-AF78-C80AA909ECD5}
		{03B36AB8-D67A-4A98-B337-5B17846336BA} = {7D869450-01EB-44C2-97C5-3F30E503EF85}
		{438BB97A-43A7-418D-A021-EEA108795A4A} = {7D869450-01EB-44C2-97C5-3F30E503EF85}
		{CB50395D-BD5E-4172-9CB3-D8673A3CDB60} = {7D869450-01EB-44C2-97C5-3F30E503EF85}
		{45351721-7803-426E-9249-73054F90C9BB} = {7D869450-01EB-44C2-97C5-3F30E503EF85}
		{9C145495-527B-429B-80A8-544D7DCF34F7} = {7D869450-01EB-44C2-97C5-3F30E503EF85}
		{ADAB7938-5AAC-4866-AFBC-0C194FA560EB} = {7D869450-01EB-44C2-97C5-3F30E503EF85}
		{19D8E2D1-6829-488B-AFBB-ADEB00407793} = {7D869450-01EB-44C2-97C5-3F30E503EF85}
		{88F9CD2E-B414-4602-80ED-3641B79331BF} = {7D869450-01EB-44C2-97C5-3F30E503EF85}
		{51EFFD38-B0DE-4C38-B0FD-2D8F60992A4D} = {A7EC3725-43D9-45DD-8089-73CC915385BC}
		{ED13FC8E-F7A8-441C-BAAD-3A1D315CE25A} = {A7EC3725-43D9-45DD-8089-73CC915385BC}
		{715A7E5A-3B3B-4167-9E1A-9BF2AEA9E5AB} = {A7EC3725-43D9-45DD-8089-73CC915385BC}
		{03E05C6A-4DDE-4E11-95A9-AB47AD8D8ADC} = {A7EC3725-43D9-45DD-8089-73CC915385BC}
		{DB953D4F-10BB-4C5F-B6D0-D5B4F25E7B1B} = {A7EC3725-43D9-45DD-8089-73CC915385BC}
		{DB520987-E3FE-4018-862B-95AE603A4B06} = {A7EC3725-43D9-45DD-8089-73CC915385BC}
		{64529E04-B25C-47E9-BBFD-DBDBB4E8D598} = {A7EC3725-43D9-45DD-8089-73CC915385BC}
		{0383108D-AA11-4A14-8C69-05C0586998DF} = {A7EC3725-43D9-45DD-8089-73CC915385BC}
		{111974DD-B64E-4FDB-9F22-EBB75A24421E} = {A7EC3725-43D9-45DD-8089-73CC915385BC}
		{2D3AF9EF-9690-4F62-91B1-5322194BE019} = {A7EC3725-43D9-45DD-8089-73CC915385BC}
		{86ABC442-0CE5-4ED2-A69A-D977920AD737} = {A7EC3725-43D9-45DD-8089-73CC915385BC}
		{4F7CC380-02B2-43EE-9CC2-B086BDE55924} = {1F13A6B0-F439-4B2F-B9DB-E82408BB60C8}
		{7BB216F8-444E-4495-A4CC-79C847F76EFB} = {1F13A6B0-F439-4B2F-B9DB-E82408BB60C8}
		{3047C553-F915-443F-AEFF-95DED8A99426} = {1F13A6B0-F439-4B2F-B9DB-E82408BB60C8}
		{92D8A1FB-DE8E-423D-81A8-0E6D02677153} = {6B39833D-2947-47EE-A374-1BD7DA90C270}
		{F6EB1C64-C2D0-4CDC-9653-842690F6EDC4} = {6B39833D-2947-47EE-A374-1BD7DA90C270}
		{27B88F28-1755-478C-9664-7B9621683D62} = {AAD2B0C3-4322-4E93-BD58-F2F6949527B2}
		{F3E4D24C-7202-4F6E-B7D5-3FD0909C6121} = {AAD2B0C3-4322-4E93-BD58-F2F6949527B2}
		{B529FD60-184B-4393-8BC3-7DAD7C9C74FB} = {AAD2B0C3-4322-4E93-BD58-F2F6949527B2}
		{DCB74BD9-03BD-43A4-8A53-FC5BF2945E3E} = {AAD2B0C3-4322-4E93-BD58-F2F6949527B2}
		{46EE2414-FDF7-4F5E-A95B-D5669C1F5281} = {AAD2B0C3-4322-4E93-BD58-F2F6949527B2}
		{1F28902B-7A47-44BE-994F-037AD3C7B960} = {AAD2B0C3-4322-4E93-BD58-F2F6949527B2}
		{5DEB8A74-122D-4F8A-AF1E-87DE44D6F531} = {AAD2B0C3-4322-4E93-BD58-F2F6949527B2}
		{17688BA2-7EE7-4160-A493-EBFF3500B377} = {AAD2B0C3-4322-4E93-BD58-F2F6949527B2}
		{5DB6A3A7-385B-45D7-B0D1-F55DC514175C} = {612564EE-7C50-4AB5-BB16-B46FF7F67267}
		{4EEBE8F9-92FE-46E4-8530-3A366AB76130} = {612564EE-7C50-4AB5-BB16-B46FF7F67267}
	EndGlobalSection
	GlobalSection(ExtensibilityGlobals) = postSolution
		SolutionGuid = {A111A6BC-DBF7-4C98-A4F5-709D3B76E685}
	EndGlobalSection
EndGlobal
